
Microsoft Visual Studio Solution File, Format Version 12.00
# Visual Studio Version 16
VisualStudioVersion = 16.0.30225.117
MinimumVisualStudioVersion = 10.0.40219.1
Project("{FAE04EC0-301F-11D3-BF4B-00C04F79EFBC}") = "Todo.Android", "Todo\Todo.Android\Todo.Android.csproj", "{25985356-73D8-4117-A3D2-24D6E5C7DCD9}"
EndProject
Project("{FAE04EC0-301F-11D3-BF4B-00C04F79EFBC}") = "Todo.iOS", "Todo\Todo.iOS\Todo.iOS.csproj", "{745439C6-24FE-47AB-BC93-7E44F58C96F8}"
EndProject
Project("{FAE04EC0-301F-11D3-BF4B-00C04F79EFBC}") = "Todo", "Todo\Todo\Todo.csproj", "{7355A985-C7D2-425F-8479-BBF41773EC09}"
EndProject
Global
	GlobalSection(SolutionConfigurationPlatforms) = preSolution
		Debug|Any CPU = Debug|Any CPU
		Debug|iPhone = Debug|iPhone
		Debug|iPhoneSimulator = Debug|iPhoneSimulator
		Release|Any CPU = Release|Any CPU
		Release|iPhone = Release|iPhone
		Release|iPhoneSimulator = Release|iPhoneSimulator
	EndGlobalSection
	GlobalSection(ProjectConfigurationPlatforms) = postSolution
		{25985356-73D8-4117-A3D2-24D6E5C7DCD9}.Debug|Any CPU.ActiveCfg = Debug|Any CPU
		{25985356-73D8-4117-A3D2-24D6E5C7DCD9}.Debug|Any CPU.Build.0 = Debug|Any CPU
		{25985356-73D8-4117-A3D2-24D6E5C7DCD9}.Debug|Any CPU.Deploy.0 = Debug|Any CPU
		{25985356-73D8-4117-A3D2-24D6E5C7DCD9}.Debug|iPhone.ActiveCfg = Debug|Any CPU
		{25985356-73D8-4117-A3D2-24D6E5C7DCD9}.Debug|iPhone.Build.0 = Debug|Any CPU
		{25985356-73D8-4117-A3D2-24D6E5C7DCD9}.Debug|iPhone.Deploy.0 = Debug|Any CPU
		{25985356-73D8-4117-A3D2-24D6E5C7DCD9}.Debug|iPhoneSimulator.ActiveCfg = Debug|Any CPU
		{25985356-73D8-4117-A3D2-24D6E5C7DCD9}.Debug|iPhoneSimulator.Build.0 = Debug|Any CPU
		{25985356-73D8-4117-A3D2-24D6E5C7DCD9}.Debug|iPhoneSimulator.Deploy.0 = Debug|Any CPU
		{25985356-73D8-4117-A3D2-24D6E5C7DCD9}.Release|Any CPU.ActiveCfg = Release|Any CPU
		{25985356-73D8-4117-A3D2-24D6E5C7DCD9}.Release|Any CPU.Build.0 = Release|Any CPU
		{25985356-73D8-4117-A3D2-24D6E5C7DCD9}.Release|Any CPU.Deploy.0 = Release|Any CPU
		{25985356-73D8-4117-A3D2-24D6E5C7DCD9}.Release|iPhone.ActiveCfg = Release|Any CPU
		{25985356-73D8-4117-A3D2-24D6E5C7DCD9}.Release|iPhone.Build.0 = Release|Any CPU
		{25985356-73D8-4117-A3D2-24D6E5C7DCD9}.Release|iPhone.Deploy.0 = Release|Any CPU
		{25985356-73D8-4117-A3D2-24D6E5C7DCD9}.Release|iPhoneSimulator.ActiveCfg = Release|Any CPU
		{25985356-73D8-4117-A3D2-24D6E5C7DCD9}.Release|iPhoneSimulator.Build.0 = Release|Any CPU
		{25985356-73D8-4117-A3D2-24D6E5C7DCD9}.Release|iPhoneSimulator.Deploy.0 = Release|Any CPU
		{745439C6-24FE-47AB-BC93-7E44F58C96F8}.Debug|Any CPU.ActiveCfg = Debug|iPhone
		{745439C6-24FE-47AB-BC93-7E44F58C96F8}.Debug|Any CPU.Build.0 = Debug|iPhone
		{745439C6-24FE-47AB-BC93-7E44F58C96F8}.Debug|Any CPU.Deploy.0 = Debug|iPhone
		{745439C6-24FE-47AB-BC93-7E44F58C96F8}.Debug|iPhone.ActiveCfg = Debug|iPhone
		{745439C6-24FE-47AB-BC93-7E44F58C96F8}.Debug|iPhone.Build.0 = Debug|iPhone
		{745439C6-24FE-47AB-BC93-7E44F58C96F8}.Debug|iPhone.Deploy.0 = Debug|iPhone
		{745439C6-24FE-47AB-BC93-7E44F58C96F8}.Debug|iPhoneSimulator.ActiveCfg = Debug|iPhoneSimulator
		{745439C6-24FE-47AB-BC93-7E44F58C96F8}.Debug|iPhoneSimulator.Build.0 = Debug|iPhoneSimulator
		{745439C6-24FE-47AB-BC93-7E44F58C96F8}.Debug|iPhoneSimulator.Deploy.0 = Debug|iPhoneSimulator
		{745439C6-24FE-47AB-BC93-7E44F58C96F8}.Release|Any CPU.ActiveCfg = Release|iPhone
		{745439C6-24FE-47AB-BC93-7E44F58C96F8}.Release|Any CPU.Build.0 = Release|iPhone
		{745439C6-24FE-47AB-BC93-7E44F58C96F8}.Release|Any CPU.Deploy.0 = Release|iPhone
		{745439C6-24FE-47AB-BC93-7E44F58C96F8}.Release|iPhone.ActiveCfg = Release|iPhone
		{745439C6-24FE-47AB-BC93-7E44F58C96F8}.Release|iPhone.Build.0 = Release|iPhone
		{745439C6-24FE-47AB-BC93-7E44F58C96F8}.Release|iPhone.Deploy.0 = Release|iPhone
		{745439C6-24FE-47AB-BC93-7E44F58C96F8}.Release|iPhoneSimulator.ActiveCfg = Release|iPhoneSimulator
		{745439C6-24FE-47AB-BC93-7E44F58C96F8}.Release|iPhoneSimulator.Build.0 = Release|iPhoneSimulator
		{745439C6-24FE-47AB-BC93-7E44F58C96F8}.Release|iPhoneSimulator.Deploy.0 = Release|iPhoneSimulator
		{7355A985-C7D2-425F-8479-BBF41773EC09}.Debug|Any CPU.ActiveCfg = Debug|Any CPU
		{7355A985-C7D2-425F-8479-BBF41773EC09}.Debug|Any CPU.Build.0 = Debug|Any CPU
		{7355A985-C7D2-425F-8479-BBF41773EC09}.Debug|Any CPU.Deploy.0 = Debug|Any CPU
		{7355A985-C7D2-425F-8479-BBF41773EC09}.Debug|iPhone.ActiveCfg = Debug|Any CPU
		{7355A985-C7D2-425F-8479-BBF41773EC09}.Debug|iPhone.Build.0 = Debug|Any CPU
		{7355A985-C7D2-425F-8479-BBF41773EC09}.Debug|iPhone.Deploy.0 = Debug|Any CPU
		{7355A985-C7D2-425F-8479-BBF41773EC09}.Debug|iPhoneSimulator.ActiveCfg = Debug|Any CPU
		{7355A985-C7D2-425F-8479-BBF41773EC09}.Debug|iPhoneSimulator.Build.0 = Debug|Any CPU
		{7355A985-C7D2-425F-8479-BBF41773EC09}.Debug|iPhoneSimulator.Deploy.0 = Debug|Any CPU
		{7355A985-C7D2-425F-8479-BBF41773EC09}.Release|Any CPU.ActiveCfg = Release|Any CPU
		{7355A985-C7D2-425F-8479-BBF41773EC09}.Release|Any CPU.Build.0 = Release|Any CPU
		{7355A985-C7D2-425F-8479-BBF41773EC09}.Release|Any CPU.Deploy.0 = Release|Any CPU
		{7355A985-C7D2-425F-8479-BBF41773EC09}.Release|iPhone.ActiveCfg = Release|Any CPU
		{7355A985-C7D2-425F-8479-BBF41773EC09}.Release|iPhone.Build.0 = Release|Any CPU
		{7355A985-C7D2-425F-8479-BBF41773EC09}.Release|iPhone.Deploy.0 = Release|Any CPU
		{7355A985-C7D2-425F-8479-BBF41773EC09}.Release|iPhoneSimulator.ActiveCfg = Release|Any CPU
		{7355A985-C7D2-425F-8479-BBF41773EC09}.Release|iPhoneSimulator.Build.0 = Release|Any CPU
		{7355A985-C7D2-425F-8479-BBF41773EC09}.Release|iPhoneSimulator.Deploy.0 = Release|Any CPU
	EndGlobalSection
	GlobalSection(SolutionProperties) = preSolution
		HideSolutionNode = FALSE
	EndGlobalSection
	GlobalSection(ExtensibilityGlobals) = postSolution
		SolutionGuid = {25CC869E-BA3E-4801-B54F-3559C9D842CC}
	EndGlobalSection
EndGlobal
